
Microsoft Visual Studio Solution File, Format Version 11.00
# Visual Studio 2010
Project("{2150E333-8FDC-42A3-9474-1A3956D46DE8}") = "Framework", "Framework", "{0936F62A-ED62-41F5-B216-86B47B006B82}"
EndProject
Project("{2150E333-8FDC-42A3-9474-1A3956D46DE8}") = "Examining", "Examining", "{D955955D-7439-43AB-B268-90490999C6FD}"
EndProject
Project("{FAE04EC0-301F-11D3-BF4B-00C04F79EFBC}") = "Aim.Component", "..\Framework\Aim.Component\Aim.Component.csproj", "{4E5A1740-332D-41F9-A333-9CA6D5E989FF}"
EndProject
Project("{FAE04EC0-301F-11D3-BF4B-00C04F79EFBC}") = "Aim.Portal", "..\Framework\Aim.Portal\Aim.Portal.csproj", "{A19B8322-D5A3-42F7-A6AF-0C1B3B4DA7BD}"
EndProject
Project("{FAE04EC0-301F-11D3-BF4B-00C04F79EFBC}") = "Aim.Portal.ServicesProvider", "..\Framework\Aim.Portal.ServicesProvider\Aim.Portal.ServicesProvider.csproj", "{D253A54F-574A-4BD7-8CDB-343F35E49CFE}"
	ProjectSection(ProjectDependencies) = postProject
		{516E8FC3-EF4F-4BD6-88EE-E6A429587C8A} = {516E8FC3-EF4F-4BD6-88EE-E6A429587C8A}
	EndProjectSection
EndProject
Project("{FAE04EC0-301F-11D3-BF4B-00C04F79EFBC}") = "Aim.Resources", "..\Framework\Aim.Resources\Aim.Resources.csproj", "{21F24D6D-E7C7-4FB4-A3FC-8A2E72FEA761}"
EndProject
Project("{FAE04EC0-301F-11D3-BF4B-00C04F79EFBC}") = "Aim.Portal.Services", "..\Web\Aim.Portal.Services\Aim.Portal.Services.csproj", "{516E8FC3-EF4F-4BD6-88EE-E6A429587C8A}"
EndProject
Project("{FAE04EC0-301F-11D3-BF4B-00C04F79EFBC}") = "Aim.Examining.Model", "..\Model\Aim.Examining.Model\Aim.Examining.Model.csproj", "{4F569840-B877-404A-BD1A-B3C2D966F042}"
EndProject
Project("{FAE04EC0-301F-11D3-BF4B-00C04F79EFBC}") = "Aim.Examining.Web", "..\Web\Aim.Examining.Web\Aim.Examining.Web.csproj", "{31AA4D55-3097-4AB4-B637-44CC05F53B92}"
EndProject
Project("{FAE04EC0-301F-11D3-BF4B-00C04F79EFBC}") = "BPM.WF.Web", "..\Web\Aim.WF.Web\BPM.WF.Web.csproj", "{642B82A5-A0BD-4133-A4A6-666EE10CC6CF}"
EndProject
Project("{FAE04EC0-301F-11D3-BF4B-00C04F79EFBC}") = "Aim.WorkFlow", "..\Framework\Aim.WorkFlow\Aim.WorkFlow.csproj", "{B4C9D507-E7A0-4322-B70E-53D78DFE8EE8}"
EndProject
Global
	GlobalSection(SolutionConfigurationPlatforms) = preSolution
		Debug|Any CPU = Debug|Any CPU
		Release|Any CPU = Release|Any CPU
	EndGlobalSection
	GlobalSection(ProjectConfigurationPlatforms) = postSolution
		{4E5A1740-332D-41F9-A333-9CA6D5E989FF}.Debug|Any CPU.ActiveCfg = Debug|Any CPU
		{4E5A1740-332D-41F9-A333-9CA6D5E989FF}.Debug|Any CPU.Build.0 = Debug|Any CPU
		{4E5A1740-332D-41F9-A333-9CA6D5E989FF}.Release|Any CPU.ActiveCfg = Release|Any CPU
		{4E5A1740-332D-41F9-A333-9CA6D5E989FF}.Release|Any CPU.Build.0 = Release|Any CPU
		{A19B8322-D5A3-42F7-A6AF-0C1B3B4DA7BD}.Debug|Any CPU.ActiveCfg = Debug|Any CPU
		{A19B8322-D5A3-42F7-A6AF-0C1B3B4DA7BD}.Debug|Any CPU.Build.0 = Debug|Any CPU
		{A19B8322-D5A3-42F7-A6AF-0C1B3B4DA7BD}.Release|Any CPU.ActiveCfg = Release|Any CPU
		{A19B8322-D5A3-42F7-A6AF-0C1B3B4DA7BD}.Release|Any CPU.Build.0 = Release|Any CPU
		{D253A54F-574A-4BD7-8CDB-343F35E49CFE}.Debug|Any CPU.ActiveCfg = Debug|Any CPU
		{D253A54F-574A-4BD7-8CDB-343F35E49CFE}.Debug|Any CPU.Build.0 = Debug|Any CPU
		{D253A54F-574A-4BD7-8CDB-343F35E49CFE}.Release|Any CPU.ActiveCfg = Release|Any CPU
		{D253A54F-574A-4BD7-8CDB-343F35E49CFE}.Release|Any CPU.Build.0 = Release|Any CPU
		{21F24D6D-E7C7-4FB4-A3FC-8A2E72FEA761}.Debug|Any CPU.ActiveCfg = Debug|Any CPU
		{21F24D6D-E7C7-4FB4-A3FC-8A2E72FEA761}.Debug|Any CPU.Build.0 = Debug|Any CPU
		{21F24D6D-E7C7-4FB4-A3FC-8A2E72FEA761}.Release|Any CPU.ActiveCfg = Release|Any CPU
		{21F24D6D-E7C7-4FB4-A3FC-8A2E72FEA761}.Release|Any CPU.Build.0 = Release|Any CPU
		{516E8FC3-EF4F-4BD6-88EE-E6A429587C8A}.Debug|Any CPU.ActiveCfg = Debug|Any CPU
		{516E8FC3-EF4F-4BD6-88EE-E6A429587C8A}.Debug|Any CPU.Build.0 = Debug|Any CPU
		{516E8FC3-EF4F-4BD6-88EE-E6A429587C8A}.Release|Any CPU.ActiveCfg = Release|Any CPU
		{516E8FC3-EF4F-4BD6-88EE-E6A429587C8A}.Release|Any CPU.Build.0 = Release|Any CPU
		{4F569840-B877-404A-BD1A-B3C2D966F042}.Debug|Any CPU.ActiveCfg = Debug|Any CPU
		{4F569840-B877-404A-BD1A-B3C2D966F042}.Debug|Any CPU.Build.0 = Debug|Any CPU
		{4F569840-B877-404A-BD1A-B3C2D966F042}.Release|Any CPU.ActiveCfg = Release|Any CPU
		{4F569840-B877-404A-BD1A-B3C2D966F042}.Release|Any CPU.Build.0 = Release|Any CPU
		{31AA4D55-3097-4AB4-B637-44CC05F53B92}.Debug|Any CPU.ActiveCfg = Debug|Any CPU
		{31AA4D55-3097-4AB4-B637-44CC05F53B92}.Debug|Any CPU.Build.0 = Debug|Any CPU
		{31AA4D55-3097-4AB4-B637-44CC05F53B92}.Release|Any CPU.ActiveCfg = Release|Any CPU
		{31AA4D55-3097-4AB4-B637-44CC05F53B92}.Release|Any CPU.Build.0 = Release|Any CPU
		{642B82A5-A0BD-4133-A4A6-666EE10CC6CF}.Debug|Any CPU.ActiveCfg = Debug|Any CPU
		{642B82A5-A0BD-4133-A4A6-666EE10CC6CF}.Debug|Any CPU.Build.0 = Debug|Any CPU
		{642B82A5-A0BD-4133-A4A6-666EE10CC6CF}.Release|Any CPU.ActiveCfg = Release|Any CPU
		{642B82A5-A0BD-4133-A4A6-666EE10CC6CF}.Release|Any CPU.Build.0 = Release|Any CPU
		{B4C9D507-E7A0-4322-B70E-53D78DFE8EE8}.Debug|Any CPU.ActiveCfg = Debug|Any CPU
		{B4C9D507-E7A0-4322-B70E-53D78DFE8EE8}.Debug|Any CPU.Build.0 = Debug|Any CPU
		{B4C9D507-E7A0-4322-B70E-53D78DFE8EE8}.Release|Any CPU.ActiveCfg = Release|Any CPU
		{B4C9D507-E7A0-4322-B70E-53D78DFE8EE8}.Release|Any CPU.Build.0 = Release|Any CPU
	EndGlobalSection
	GlobalSection(SolutionProperties) = preSolution
		HideSolutionNode = FALSE
	EndGlobalSection
	GlobalSection(NestedProjects) = preSolution
		{4E5A1740-332D-41F9-A333-9CA6D5E989FF} = {0936F62A-ED62-41F5-B216-86B47B006B82}
		{A19B8322-D5A3-42F7-A6AF-0C1B3B4DA7BD} = {0936F62A-ED62-41F5-B216-86B47B006B82}
		{D253A54F-574A-4BD7-8CDB-343F35E49CFE} = {0936F62A-ED62-41F5-B216-86B47B006B82}
		{21F24D6D-E7C7-4FB4-A3FC-8A2E72FEA761} = {0936F62A-ED62-41F5-B216-86B47B006B82}
		{516E8FC3-EF4F-4BD6-88EE-E6A429587C8A} = {0936F62A-ED62-41F5-B216-86B47B006B82}
		{B4C9D507-E7A0-4322-B70E-53D78DFE8EE8} = {0936F62A-ED62-41F5-B216-86B47B006B82}
		{4F569840-B877-404A-BD1A-B3C2D966F042} = {D955955D-7439-43AB-B268-90490999C6FD}
		{31AA4D55-3097-4AB4-B637-44CC05F53B92} = {D955955D-7439-43AB-B268-90490999C6FD}
		{642B82A5-A0BD-4133-A4A6-666EE10CC6CF} = {D955955D-7439-43AB-B268-90490999C6FD}
	EndGlobalSection
EndGlobal
